// !$*UTF8*$!
{
	archiveVersion = 1;
	classes = {
	};
	objectVersion = 46;
	objects = {

/* Begin PBXBuildFile section */
		F62A6E7E1E2B512F00920E92 /* main.cpp in Sources */ = {isa = PBXBuildFile; fileRef = F62A6E7D1E2B512F00920E92 /* main.cpp */; };
		F62A6E861E2B52CB00920E92 /* RawEntry.cpp in Sources */ = {isa = PBXBuildFile; fileRef = F62A6E841E2B52CB00920E92 /* RawEntry.cpp */; };
		F673950B1E5C7EC900D93BAB /* EntryManager.cpp in Sources */ = {isa = PBXBuildFile; fileRef = F67395091E5C7EC900D93BAB /* EntryManager.cpp */; };
/* End PBXBuildFile section */

/* Begin PBXCopyFilesBuildPhase section */
		F62A6E781E2B512F00920E92 /* CopyFiles */ = {
			isa = PBXCopyFilesBuildPhase;
			buildActionMask = 2147483647;
			dstPath = /usr/share/man/man1/;
			dstSubfolderSpec = 0;
			files = (
			);
			runOnlyForDeploymentPostprocessing = 1;
		};
/* End PBXCopyFilesBuildPhase section */

/* Begin PBXFileReference section */
		F62A6E7A1E2B512F00920E92 /* EntityScanner */ = {isa = PBXFileReference; explicitFileType = "compiled.mach-o.executable"; includeInIndex = 0; path = EntityScanner; sourceTree = BUILT_PRODUCTS_DIR; };
		F62A6E7D1E2B512F00920E92 /* main.cpp */ = {isa = PBXFileReference; lastKnownFileType = sourcecode.cpp.cpp; path = main.cpp; sourceTree = "<group>"; };
		F62A6E841E2B52CB00920E92 /* RawEntry.cpp */ = {isa = PBXFileReference; fileEncoding = 4; lastKnownFileType = sourcecode.cpp.cpp; path = RawEntry.cpp; sourceTree = "<group>"; };
		F62A6E851E2B52CB00920E92 /* RawEntry.hpp */ = {isa = PBXFileReference; fileEncoding = 4; lastKnownFileType = sourcecode.cpp.h; path = RawEntry.hpp; sourceTree = "<group>"; };
		F67395091E5C7EC900D93BAB /* EntryManager.cpp */ = {isa = PBXFileReference; fileEncoding = 4; lastKnownFileType = sourcecode.cpp.cpp; path = EntryManager.cpp; sourceTree = "<group>"; };
		F673950A1E5C7EC900D93BAB /* EntryManager.hpp */ = {isa = PBXFileReference; fileEncoding = 4; lastKnownFileType = sourcecode.cpp.h; path = EntryManager.hpp; sourceTree = "<group>"; };
/* End PBXFileReference section */

/* Begin PBXFrameworksBuildPhase section */
		F62A6E771E2B512F00920E92 /* Frameworks */ = {
			isa = PBXFrameworksBuildPhase;
			buildActionMask = 2147483647;
			files = (
			);
			runOnlyForDeploymentPostprocessing = 0;
		};
/* End PBXFrameworksBuildPhase section */

/* Begin PBXGroup section */
		F62A6E711E2B512F00920E92 = {
			isa = PBXGroup;
			children = (
				F62A6E7C1E2B512F00920E92 /* EntityScanner */,
				F62A6E7B1E2B512F00920E92 /* Products */,
			);
			sourceTree = "<group>";
		};
		F62A6E7B1E2B512F00920E92 /* Products */ = {
			isa = PBXGroup;
			children = (
				F62A6E7A1E2B512F00920E92 /* EntityScanner */,
			);
			name = Products;
			sourceTree = "<group>";
		};
		F62A6E7C1E2B512F00920E92 /* EntityScanner */ = {
			isa = PBXGroup;
			children = (
				F67395091E5C7EC900D93BAB /* EntryManager.cpp */,
				F673950A1E5C7EC900D93BAB /* EntryManager.hpp */,
				F62A6E7D1E2B512F00920E92 /* main.cpp */,
				F62A6E841E2B52CB00920E92 /* RawEntry.cpp */,
				F62A6E851E2B52CB00920E92 /* RawEntry.hpp */,
			);
			path = EntityScanner;
			sourceTree = "<group>";
		};
/* End PBXGroup section */

/* Begin PBXNativeTarget section */
		F62A6E791E2B512F00920E92 /* EntityScanner */ = {
			isa = PBXNativeTarget;
			buildConfigurationList = F62A6E811E2B512F00920E92 /* Build configuration list for PBXNativeTarget "EntityScanner" */;
			buildPhases = (
				F62A6E761E2B512F00920E92 /* Sources */,
				F62A6E771E2B512F00920E92 /* Frameworks */,
				F62A6E781E2B512F00920E92 /* CopyFiles */,
			);
			buildRules = (
			);
			dependencies = (
			);
			name = EntityScanner;
			productName = EntityScanner;
			productReference = F62A6E7A1E2B512F00920E92 /* EntityScanner */;
			productType = "com.apple.product-type.tool";
		};
/* End PBXNativeTarget section */

/* Begin PBXProject section */
		F62A6E721E2B512F00920E92 /* Project object */ = {
			isa = PBXProject;
			attributes = {
				LastUpgradeCheck = 0800;
				ORGANIZATIONNAME = tehloo;
				TargetAttributes = {
					F62A6E791E2B512F00920E92 = {
						CreatedOnToolsVersion = 8.0;
						ProvisioningStyle = Automatic;
					};
				};
			};
			buildConfigurationList = F62A6E751E2B512F00920E92 /* Build configuration list for PBXProject "EntityScanner" */;
			compatibilityVersion = "Xcode 3.2";
			developmentRegion = English;
			hasScannedForEncodings = 0;
			knownRegions = (
				en,
			);
			mainGroup = F62A6E711E2B512F00920E92;
			productRefGroup = F62A6E7B1E2B512F00920E92 /* Products */;
			projectDirPath = "";
			projectRoot = "";
			targets = (
				F62A6E791E2B512F00920E92 /* EntityScanner */,
			);
		};
/* End PBXProject section */

/* Begin PBXSourcesBuildPhase section */
		F62A6E761E2B512F00920E92 /* Sources */ = {
			isa = PBXSourcesBuildPhase;
			buildActionMask = 2147483647;
			files = (
				F62A6E7E1E2B512F00920E92 /* main.cpp in Sources */,
				F673950B1E5C7EC900D93BAB /* EntryManager.cpp in Sources */,
				F62A6E861E2B52CB00920E92 /* RawEntry.cpp in Sources */,
			);
			runOnlyForDeploymentPostprocessing = 0;
		};
/* End PBXSourcesBuildPhase section */

/* Begin XCBuildConfiguration section */
		F62A6E7F1E2B512F00920E92 /* Debug */ = {
			isa = XCBuildConfiguration;
			buildSettings = {
				ALWAYS_SEARCH_USER_PATHS = NO;
				CLANG_ANALYZER_NONNULL = YES;
				CLANG_CXX_LANGUAGE_STANDARD = "gnu++0x";
				CLANG_CXX_LIBRARY = "libc++";
				CLANG_ENABLE_MODULES = YES;
				CLANG_ENABLE_OBJC_ARC = YES;
				CLANG_WARN_BOOL_CONVERSION = YES;
				CLANG_WARN_CONSTANT_CONVERSION = YES;
				CLANG_WARN_DIRECT_OBJC_ISA_USAGE = YES_ERROR;
				CLANG_WARN_DOCUMENTATION_COMMENTS = YES;
				CLANG_WARN_EMPTY_BODY = YES;
				CLANG_WARN_ENUM_CONVERSION = YES;
				CLANG_WARN_INFINITE_RECURSION = YES;
				CLANG_WARN_INT_CONVERSION = YES;
				CLANG_WARN_OBJC_ROOT_CLASS = YES_ERROR;
				CLANG_WARN_SUSPICIOUS_MOVES = YES;
				CLANG_WARN_UNREACHABLE_CODE = YES;
				CLANG_WARN__DUPLICATE_METHOD_MATCH = YES;
				CODE_SIGN_IDENTITY = "-";
				COPY_PHASE_STRIP = NO;
				DEBUG_INFORMATION_FORMAT = dwarf;
				ENABLE_STRICT_OBJC_MSGSEND = YES;
				ENABLE_TESTABILITY = YES;
				GCC_C_LANGUAGE_STANDARD = gnu99;
				GCC_DYNAMIC_NO_PIC = NO;
				GCC_NO_COMMON_BLOCKS = YES;
				GCC_OPTIMIZATION_LEVEL = 0;
				GCC_PREPROCESSOR_DEFINITIONS = (
					"DEBUG=1",
					"$(inherited)",
				);
				GCC_WARN_64_TO_32_BIT_CONVERSION = YES;
				GCC_WARN_ABOUT_RETURN_TYPE = YES_ERROR;
				GCC_WARN_UNDECLARED_SELECTOR = YES;
				GCC_WARN_UNINITIALIZED_AUTOS = YES_AGGRESSIVE;
				GCC_WARN_UNUSED_FUNCTION = YES;
				GCC_WARN_UNUSED_VARIABLE = YES;
				MACOSX_DEPLOYMENT_TARGET = 10.11;
				MTL_ENABLE_DEBUG_INFO = YES;
				ONLY_ACTIVE_ARCH = YES;
				SDKROOT = macosx;
			};
			name = Debug;
		};
		F62A6E801E2B512F00920E92 /* Release */ = {
			isa = XCBuildConfiguration;
			buildSettings = {
				ALWAYS_SEARCH_USER_PATHS = NO;
				CLANG_ANALYZER_NONNULL = YES;
				CLANG_CXX_LANGUAGE_STANDARD = "gnu++0x";
				CLANG_CXX_LIBRARY = "libc++";
				CLANG_ENABLE_MODULES = YES;
				CLANG_ENABLE_OBJC_ARC = YES;
				CLANG_WARN_BOOL_CONVERSION = YES;
				CLANG_WARN_CONSTANT_CONVERSION = YES;
				CLANG_WARN_DIRECT_OBJC_ISA_USAGE = YES_ERROR;
				CLANG_WARN_DOCUMENTATION_COMMENTS = YES;
				CLANG_WARN_EMPTY_BODY = YES;
				CLANG_WARN_ENUM_CONVERSION = YES;
				CLANG_WARN_INFINITE_RECURSION = YES;
				CLANG_WARN_INT_CONVERSION = YES;
				CLANG_WARN_OBJC_ROOT_CLASS = YES_ERROR;
				CLANG_WARN_SUSPICIOUS_MOVES = YES;
				CLANG_WARN_UNREACHABLE_CODE = YES;
				CLANG_WARN__DUPLICATE_METHOD_MATCH = YES;
				CODE_SIGN_IDENTITY = "-";
				COPY_PHASE_STRIP = NO;
				DEBUG_INFORMATION_FORMAT = "dwarf-with-dsym";
				ENABLE_NS_ASSERTIONS = NO;
				ENABLE_STRICT_OBJC_MSGSEND = YES;
				GCC_C_LANGUAGE_STANDARD = gnu99;
				GCC_NO_COMMON_BLOCKS = YES;
				GCC_WARN_64_TO_32_BIT_CONVERSION = YES;
				GCC_WARN_ABOUT_RETURN_TYPE = YES_ERROR;
				GCC_WARN_UNDECLARED_SELECTOR = YES;
				GCC_WARN_UNINITIALIZED_AUTOS = YES_AGGRESSIVE;
				GCC_WARN_UNUSED_FUNCTION = YES;
				GCC_WARN_UNUSED_VARIABLE = YES;
				MACOSX_DEPLOYMENT_TARGET = 10.11;
				MTL_ENABLE_DEBUG_INFO = NO;
				SDKROOT = macosx;
			};
			name = Release;
		};
		F62A6E821E2B512F00920E92 /* Debug */ = {
			isa = XCBuildConfiguration;
			buildSettings = {
				PRODUCT_NAME = "$(TARGET_NAME)";
			};
			name = Debug;
		};
		F62A6E831E2B512F00920E92 /* Release */ = {
			isa = XCBuildConfiguration;
			buildSettings = {
				PRODUCT_NAME = "$(TARGET_NAME)";
			};
			name = Release;
		};
/* End XCBuildConfiguration section */

/* Begin XCConfigurationList section */
		F62A6E751E2B512F00920E92 /* Build configuration list for PBXProject "EntityScanner" */ = {
			isa = XCConfigurationList;
			buildConfigurations = (
				F62A6E7F1E2B512F00920E92 /* Debug */,
				F62A6E801E2B512F00920E92 /* Release */,
			);
			defaultConfigurationIsVisible = 0;
			defaultConfigurationName = Release;
		};
		F62A6E811E2B512F00920E92 /* Build configuration list for PBXNativeTarget "EntityScanner" */ = {
			isa = XCConfigurationList;
			buildConfigurations = (
				F62A6E821E2B512F00920E92 /* Debug */,
				F62A6E831E2B512F00920E92 /* Release */,
			);
			defaultConfigurationIsVisible = 0;
			defaultConfigurationName = Release;
		};
/* End XCConfigurationList section */
	};
	rootObject = F62A6E721E2B512F00920E92 /* Project object */;
}
